
Microsoft Visual Studio Solution File, Format Version 12.00
# Visual Studio Version 17
VisualStudioVersion = 17.2.32630.192
MinimumVisualStudioVersion = 10.0.40219.1
Project("{FAE04EC0-301F-11D3-BF4B-00C04F79EFBC}") = "BlogProject", "BlogProject\BlogProject.csproj", "{667F8410-4100-414E-BA76-3DF4AD3ABA33}"
EndProject
Global
	GlobalSection(SolutionConfigurationPlatforms) = preSolution
		Debug|Any CPU = Debug|Any CPU
		Release|Any CPU = Release|Any CPU
	EndGlobalSection
	GlobalSection(ProjectConfigurationPlatforms) = postSolution
		{667F8410-4100-414E-BA76-3DF4AD3ABA33}.Debug|Any CPU.ActiveCfg = Debug|Any CPU
		{667F8410-4100-414E-BA76-3DF4AD3ABA33}.Debug|Any CPU.Build.0 = Debug|Any CPU
		{667F8410-4100-414E-BA76-3DF4AD3ABA33}.Release|Any CPU.ActiveCfg = Release|Any CPU
		{667F8410-4100-414E-BA76-3DF4AD3ABA33}.Release|Any CPU.Build.0 = Release|Any CPU
	EndGlobalSection
	GlobalSection(SolutionProperties) = preSolution
		HideSolutionNode = FALSE
	EndGlobalSection
	GlobalSection(ExtensibilityGlobals) = postSolution
		SolutionGuid = {609122A7-8AA2-4810-B500-9759F2339360}
	EndGlobalSection
EndGlobal
